
Microsoft Visual Studio Solution File, Format Version 12.00
# Visual Studio 15
VisualStudioVersion = 15.0.28307.572
MinimumVisualStudioVersion = 10.0.40219.1
Project("{8BC9CEB8-8B4A-11D0-8D11-00A0C91BC942}") = "Algorism", "Algorism\Algorism.vcxproj", "{CFBE915E-203A-4427-B538-A0E153208E73}"
EndProject
Project("{8BC9CEB8-8B4A-11D0-8D11-00A0C91BC942}") = "test", "test\test.vcxproj", "{1636D2F0-1485-4B7B-BC82-139F57B05AD6}"
EndProject
Global
	GlobalSection(SolutionConfigurationPlatforms) = preSolution
		Debug|x64 = Debug|x64
		Debug|x86 = Debug|x86
		Release|x64 = Release|x64
		Release|x86 = Release|x86
	EndGlobalSection
	GlobalSection(ProjectConfigurationPlatforms) = postSolution
		{CFBE915E-203A-4427-B538-A0E153208E73}.Debug|x64.ActiveCfg = Debug|x64
		{CFBE915E-203A-4427-B538-A0E153208E73}.Debug|x64.Build.0 = Debug|x64
		{CFBE915E-203A-4427-B538-A0E153208E73}.Debug|x86.ActiveCfg = Debug|Win32
		{CFBE915E-203A-4427-B538-A0E153208E73}.Debug|x86.Build.0 = Debug|Win32
		{CFBE915E-203A-4427-B538-A0E153208E73}.Release|x64.ActiveCfg = Release|x64
		{CFBE915E-203A-4427-B538-A0E153208E73}.Release|x64.Build.0 = Release|x64
		{CFBE915E-203A-4427-B538-A0E153208E73}.Release|x86.ActiveCfg = Release|Win32
		{CFBE915E-203A-4427-B538-A0E153208E73}.Release|x86.Build.0 = Release|Win32
		{1636D2F0-1485-4B7B-BC82-139F57B05AD6}.Debug|x64.ActiveCfg = Debug|x64
		{1636D2F0-1485-4B7B-BC82-139F57B05AD6}.Debug|x64.Build.0 = Debug|x64
		{1636D2F0-1485-4B7B-BC82-139F57B05AD6}.Debug|x86.ActiveCfg = Debug|Win32
		{1636D2F0-1485-4B7B-BC82-139F57B05AD6}.Debug|x86.Build.0 = Debug|Win32
		{1636D2F0-1485-4B7B-BC82-139F57B05AD6}.Release|x64.ActiveCfg = Release|x64
		{1636D2F0-1485-4B7B-BC82-139F57B05AD6}.Release|x64.Build.0 = Release|x64
		{1636D2F0-1485-4B7B-BC82-139F57B05AD6}.Release|x86.ActiveCfg = Release|Win32
		{1636D2F0-1485-4B7B-BC82-139F57B05AD6}.Release|x86.Build.0 = Release|Win32
	EndGlobalSection
	GlobalSection(SolutionProperties) = preSolution
		HideSolutionNode = FALSE
	EndGlobalSection
	GlobalSection(ExtensibilityGlobals) = postSolution
		SolutionGuid = {CFCB2664-31D9-4451-B1E4-2A0603A09315}
	EndGlobalSection
EndGlobal
